
Microsoft Visual Studio Solution File, Format Version 12.00
# Visual Studio Version 16
VisualStudioVersion = 16.0.29609.76
MinimumVisualStudioVersion = 10.0.40219.1
Project("{FAE04EC0-301F-11D3-BF4B-00C04F79EFBC}") = "HSKtrain2.Android", "HSKtrain2\HSKtrain2.Android\HSKtrain2.Android.csproj", "{EA8DCE7A-9220-43A1-9677-F23A855FAF17}"
EndProject
Project("{FAE04EC0-301F-11D3-BF4B-00C04F79EFBC}") = "HSKtrain2", "HSKtrain2\HSKtrain2\HSKtrain2.csproj", "{B8F1C5CE-D1FA-4FC7-AFC2-B2369B53066A}"
EndProject
Global
	GlobalSection(SolutionConfigurationPlatforms) = preSolution
		Debug|Any CPU = Debug|Any CPU
		Release|Any CPU = Release|Any CPU
	EndGlobalSection
	GlobalSection(ProjectConfigurationPlatforms) = postSolution
		{EA8DCE7A-9220-43A1-9677-F23A855FAF17}.Debug|Any CPU.ActiveCfg = Debug|Any CPU
		{EA8DCE7A-9220-43A1-9677-F23A855FAF17}.Debug|Any CPU.Build.0 = Debug|Any CPU
		{EA8DCE7A-9220-43A1-9677-F23A855FAF17}.Debug|Any CPU.Deploy.0 = Debug|Any CPU
		{EA8DCE7A-9220-43A1-9677-F23A855FAF17}.Release|Any CPU.ActiveCfg = Release|Any CPU
		{EA8DCE7A-9220-43A1-9677-F23A855FAF17}.Release|Any CPU.Build.0 = Release|Any CPU
		{EA8DCE7A-9220-43A1-9677-F23A855FAF17}.Release|Any CPU.Deploy.0 = Release|Any CPU
		{B8F1C5CE-D1FA-4FC7-AFC2-B2369B53066A}.Debug|Any CPU.ActiveCfg = Debug|Any CPU
		{B8F1C5CE-D1FA-4FC7-AFC2-B2369B53066A}.Debug|Any CPU.Build.0 = Debug|Any CPU
		{B8F1C5CE-D1FA-4FC7-AFC2-B2369B53066A}.Debug|Any CPU.Deploy.0 = Debug|Any CPU
		{B8F1C5CE-D1FA-4FC7-AFC2-B2369B53066A}.Release|Any CPU.ActiveCfg = Release|Any CPU
		{B8F1C5CE-D1FA-4FC7-AFC2-B2369B53066A}.Release|Any CPU.Build.0 = Release|Any CPU
		{B8F1C5CE-D1FA-4FC7-AFC2-B2369B53066A}.Release|Any CPU.Deploy.0 = Release|Any CPU
	EndGlobalSection
	GlobalSection(SolutionProperties) = preSolution
		HideSolutionNode = FALSE
	EndGlobalSection
	GlobalSection(ExtensibilityGlobals) = postSolution
		SolutionGuid = {6A08763B-41A0-4851-B62C-1E30A8A62E54}
	EndGlobalSection
EndGlobal
